# This file is automatically @generated by Cargo.
# It is not intended for manual editing.
version = 4

[[package]]
name = "puremp"
version = "0.2.0"
source = "registry+https://github.com/rust-lang/crates.io-index"
checksum = "bebfb0f8c2b4e7f67b4f9aaf814938f1d30f85f6a67705354a9df7f40d17d49f"

[[package]]
name = "z3rs"
version = "0.0.5"
dependencies = [
 "puremp",
]
