# This file is automatically @generated by Cargo.
# It is not intended for manual editing.
version = 4

[[package]]
name = "puremp"
version = "0.1.7"
source = "registry+https://github.com/rust-lang/crates.io-index"
checksum = "7bd1f38102e114b648aaaa62c2314f7b4fe4993eae80917ef0077fa7d0730fe7"

[[package]]
name = "z3rs"
version = "0.0.1"
dependencies = [
 "puremp",
]
