# This file is automatically @generated by Cargo.
# It is not intended for manual editing.
version = 4

[[package]]
name = "puremp"
version = "0.1.4"
source = "registry+https://github.com/rust-lang/crates.io-index"
checksum = "c6c83249ae5a1775beba3ae97eca917aea838d357cf6e7f167167294a2fcbacb"

[[package]]
name = "z3rs"
version = "0.0.1"
dependencies = [
 "puremp",
]
